
Microsoft Visual Studio Solution File, Format Version 12.00
# Visual Studio Version 16
VisualStudioVersion = 16.0.29503.13
MinimumVisualStudioVersion = 10.0.40219.1
Project("{9A19103F-16F7-4668-BE54-9A1E7A4F7556}") = "ProfessionalLevels.Messages", "ProfessionalLevels.Messages\ProfessionalLevels.Messages.csproj", "{3B329F48-A666-474F-B6D3-9B605EF96281}"
EndProject
Project("{FAE04EC0-301F-11D3-BF4B-00C04F79EFBC}") = "ProfessionalLevels.ServiceBus", "ProfessionalLevels.ServiceBus\ProfessionalLevels.ServiceBus.csproj", "{3A90C115-D179-4290-A0B7-F1256AF93B99}"
EndProject
Global
	GlobalSection(SolutionConfigurationPlatforms) = preSolution
		Debug|Any CPU = Debug|Any CPU
		Release|Any CPU = Release|Any CPU
	EndGlobalSection
	GlobalSection(ProjectConfigurationPlatforms) = postSolution
		{3B329F48-A666-474F-B6D3-9B605EF96281}.Debug|Any CPU.ActiveCfg = Debug|Any CPU
		{3B329F48-A666-474F-B6D3-9B605EF96281}.Debug|Any CPU.Build.0 = Debug|Any CPU
		{3B329F48-A666-474F-B6D3-9B605EF96281}.Release|Any CPU.ActiveCfg = Release|Any CPU
		{3B329F48-A666-474F-B6D3-9B605EF96281}.Release|Any CPU.Build.0 = Release|Any CPU
		{3A90C115-D179-4290-A0B7-F1256AF93B99}.Debug|Any CPU.ActiveCfg = Debug|Any CPU
		{3A90C115-D179-4290-A0B7-F1256AF93B99}.Debug|Any CPU.Build.0 = Debug|Any CPU
		{3A90C115-D179-4290-A0B7-F1256AF93B99}.Release|Any CPU.ActiveCfg = Release|Any CPU
		{3A90C115-D179-4290-A0B7-F1256AF93B99}.Release|Any CPU.Build.0 = Release|Any CPU
	EndGlobalSection
	GlobalSection(SolutionProperties) = preSolution
		HideSolutionNode = FALSE
	EndGlobalSection
	GlobalSection(ExtensibilityGlobals) = postSolution
		SolutionGuid = {771A4E33-9A40-4164-81FC-00E37F58D2B9}
	EndGlobalSection
EndGlobal
